{
  "version": 4,
  "terraform_version": "0.12.24",
  "serial": 7,
  "lineage": "15a33077-22ce-7daa-1632-36a2f08e9abc",
  "outputs": {},
  "resources": [
    {
      "mode": "managed",
      "type": "local_file",
      "name": "file",
      "provider": "provider.local",
      "instances": [
        {
          "schema_version": 0,
          "attributes": {
            "content": "Hello, World",
            "content_base64": null,
            "directory_permission": "0777",
            "file_permission": "0777",
            "filename": "test3.txt",
            "id": "907d14fb3af2b0d4f18c2d46abe8aedce17367bd",
            "sensitive_content": null,
            "source": null
          },
          "private": "bnVsbA=="
        }
      ]
    }
  ]
}
