{
  "version": 4,
  "terraform_version": "0.12.24",
  "serial": 2,
  "lineage": "5b42c2cb-a8c3-8c13-c32e-f54257f772c1",
  "outputs": {},
  "resources": [
    {
      "mode": "managed",
      "type": "aws_iam_user",
      "name": "user",
      "provider": "provider.aws",
      "instances": [
        {
          "schema_version": 0,
          "attributes": {
            "arn": "arn:aws:iam::241533162589:user/mahanaz",
            "force_destroy": false,
            "id": "mahanaz",
            "name": "mahanaz",
            "path": "/",
            "permissions_boundary": null,
            "tags": {},
            "unique_id": "AIDATQPD7SRO66ZKNIRN7"
          },
          "private": "bnVsbA=="
        }
      ]
    }
  ]
}
