{
  "version": 4,
  "terraform_version": "0.12.24",
  "serial": 5,
  "lineage": "750c2b98-5b8f-14fd-56ba-b3e85badb5bb",
  "outputs": {
    "file_path": {
      "value": "example.txt",
      "type": "string"
    }
  },
  "resources": [
    {
      "mode": "managed",
      "type": "local_file",
      "name": "example",
      "provider": "provider.local",
      "instances": [
        {
          "schema_version": 0,
          "attributes": {
            "content": "Hello, Irfan!",
            "content_base64": null,
            "directory_permission": "0777",
            "file_permission": "0777",
            "filename": "example.txt",
            "id": "2cfbe6427c6d6b3ab7328e356562665f443dcfbe",
            "sensitive_content": null,
            "source": null
          },
          "private": "bnVsbA=="
        }
      ]
    }
  ]
}
