{
  "version": 4,
  "terraform_version": "0.12.24",
  "serial": 2,
  "lineage": "2620e98c-fb6a-3bd2-96f4-07ca94d98709",
  "outputs": {
    "bucket_name": {
      "value": "my-first-tabz-bucket-tf",
      "type": "string"
    }
  },
  "resources": [
    {
      "mode": "managed",
      "type": "aws_s3_bucket",
      "name": "s3bucket",
      "provider": "provider.aws",
      "instances": [
        {
          "schema_version": 0,
          "attributes": {
            "acceleration_status": "",
            "acl": "private",
            "arn": "arn:aws:s3:::my-first-tabz-bucket-tf",
            "bucket": "my-first-tabz-bucket-tf",
            "bucket_domain_name": "my-first-tabz-bucket-tf.s3.amazonaws.com",
            "bucket_prefix": null,
            "bucket_regional_domain_name": "my-first-tabz-bucket-tf.s3.amazonaws.com",
            "cors_rule": [],
            "force_destroy": false,
            "grant": [],
            "hosted_zone_id": "Z3AQBSTGFYJSTF",
            "id": "my-first-tabz-bucket-tf",
            "lifecycle_rule": [],
            "logging": [],
            "object_lock_configuration": [],
            "policy": null,
            "region": "us-east-1",
            "replication_configuration": [],
            "request_payer": "BucketOwner",
            "server_side_encryption_configuration": [
              {
                "rule": [
                  {
                    "apply_server_side_encryption_by_default": [
                      {
                        "kms_master_key_id": "",
                        "sse_algorithm": "AES256"
                      }
                    ],
                    "bucket_key_enabled": false
                  }
                ]
              }
            ],
            "tags": {
              "Environment": "Dev",
              "Project": "Sapphire"
            },
            "versioning": [
              {
                "enabled": false,
                "mfa_delete": false
              }
            ],
            "website": [],
            "website_domain": null,
            "website_endpoint": null
          },
          "private": "bnVsbA=="
        }
      ]
    }
  ]
}
